
Microsoft Visual Studio Solution File, Format Version 12.00
# Visual Studio 11
Project("{FAE04EC0-301F-11D3-BF4B-00C04F79EFBC}") = "MobileWebDemo", "MobileWebDemo\MobileWebDemo.csproj", "{7BC39018-0CE2-4152-A00E-5D947385692E}"
EndProject
Project("{2150E333-8FDC-42A3-9474-1A3956D46DE8}") = "Solution Items", "Solution Items", "{AB2EA276-CDCB-4A35-BCF4-A2D724978F27}"
	ProjectSection(SolutionItems) = preProject
		Local.testsettings = Local.testsettings
		MobileWebDemo.vsmdi = MobileWebDemo.vsmdi
		TraceAndTestImpact.testsettings = TraceAndTestImpact.testsettings
	EndProjectSection
EndProject
Global
	GlobalSection(TestCaseManagementSettings) = postSolution
		CategoryFile = MobileWebDemo.vsmdi
	EndGlobalSection
	GlobalSection(SolutionConfigurationPlatforms) = preSolution
		Debug|Any CPU = Debug|Any CPU
		Release|Any CPU = Release|Any CPU
	EndGlobalSection
	GlobalSection(ProjectConfigurationPlatforms) = postSolution
		{7BC39018-0CE2-4152-A00E-5D947385692E}.Debug|Any CPU.ActiveCfg = Debug|Any CPU
		{7BC39018-0CE2-4152-A00E-5D947385692E}.Debug|Any CPU.Build.0 = Debug|Any CPU
		{7BC39018-0CE2-4152-A00E-5D947385692E}.Release|Any CPU.ActiveCfg = Release|Any CPU
		{7BC39018-0CE2-4152-A00E-5D947385692E}.Release|Any CPU.Build.0 = Release|Any CPU
	EndGlobalSection
	GlobalSection(SolutionProperties) = preSolution
		HideSolutionNode = FALSE
	EndGlobalSection
EndGlobal
